
Microsoft Visual Studio Solution File, Format Version 12.00
# Visual Studio Version 16
VisualStudioVersion = 16.0.30711.63
MinimumVisualStudioVersion = 10.0.40219.1
Project("{FAE04EC0-301F-11D3-BF4B-00C04F79EFBC}") = "Notes.WebApi", "Notes.WebApi.csproj", "{BD1769B3-09D5-4942-BF17-EA482B743EBA}"
EndProject
Project("{FAE04EC0-301F-11D3-BF4B-00C04F79EFBC}") = "Notes.DB", "..\Notes.DB\Notes.DB.csproj", "{B760AF95-B893-4C3A-973C-4FEB5C336681}"
EndProject
Project("{FAE04EC0-301F-11D3-BF4B-00C04F79EFBC}") = "Notes.Core", "..\Notes.Core\Notes.Core.csproj", "{0F5C90CF-3BFC-42F6-BCF9-577D1B71396C}"
EndProject
Global
	GlobalSection(SolutionConfigurationPlatforms) = preSolution
		Debug|Any CPU = Debug|Any CPU
		Release|Any CPU = Release|Any CPU
	EndGlobalSection
	GlobalSection(ProjectConfigurationPlatforms) = postSolution
		{BD1769B3-09D5-4942-BF17-EA482B743EBA}.Debug|Any CPU.ActiveCfg = Debug|Any CPU
		{BD1769B3-09D5-4942-BF17-EA482B743EBA}.Debug|Any CPU.Build.0 = Debug|Any CPU
		{BD1769B3-09D5-4942-BF17-EA482B743EBA}.Release|Any CPU.ActiveCfg = Release|Any CPU
		{BD1769B3-09D5-4942-BF17-EA482B743EBA}.Release|Any CPU.Build.0 = Release|Any CPU
		{B760AF95-B893-4C3A-973C-4FEB5C336681}.Debug|Any CPU.ActiveCfg = Debug|Any CPU
		{B760AF95-B893-4C3A-973C-4FEB5C336681}.Debug|Any CPU.Build.0 = Debug|Any CPU
		{B760AF95-B893-4C3A-973C-4FEB5C336681}.Release|Any CPU.ActiveCfg = Release|Any CPU
		{B760AF95-B893-4C3A-973C-4FEB5C336681}.Release|Any CPU.Build.0 = Release|Any CPU
		{0F5C90CF-3BFC-42F6-BCF9-577D1B71396C}.Debug|Any CPU.ActiveCfg = Debug|Any CPU
		{0F5C90CF-3BFC-42F6-BCF9-577D1B71396C}.Debug|Any CPU.Build.0 = Debug|Any CPU
		{0F5C90CF-3BFC-42F6-BCF9-577D1B71396C}.Release|Any CPU.ActiveCfg = Release|Any CPU
		{0F5C90CF-3BFC-42F6-BCF9-577D1B71396C}.Release|Any CPU.Build.0 = Release|Any CPU
	EndGlobalSection
	GlobalSection(SolutionProperties) = preSolution
		HideSolutionNode = FALSE
	EndGlobalSection
	GlobalSection(ExtensibilityGlobals) = postSolution
		SolutionGuid = {F2E5931F-4468-459B-A922-00F3CB295D3C}
	EndGlobalSection
EndGlobal
